
Microsoft Visual Studio Solution File, Format Version 12.00
# Visual Studio Version 17
VisualStudioVersion = 17.0.31903.59
MinimumVisualStudioVersion = 10.0.40219.1
Project("{FAE04EC0-301F-11D3-BF4B-00C04F79EFBC}") = "Dp9ik", "src\Dp9ik\Dp9ik.csproj", "{6359C9A6-5AFE-4B11-93D7-445A18FCBE18}"
EndProject
Project("{FAE04EC0-301F-11D3-BF4B-00C04F79EFBC}") = "Dp9ik.P9Auth", "src\Dp9ik.P9Auth\Dp9ik.P9Auth.csproj", "{770D07B7-019C-47A1-8C50-E8419085D53A}"
EndProject
Project("{FAE04EC0-301F-11D3-BF4B-00C04F79EFBC}") = "Dp9ik.Tests", "tests\Dp9ik.Tests\Dp9ik.Tests.csproj", "{A9D3D0D0-9969-4287-93B3-4ED2A2FFCA2A}"
EndProject
Project("{2150E333-8FDC-42A3-9474-1A3956D46DE8}") = "src", "src", "{827E0CD3-B72D-47B6-A68D-7590B98EB39B}"
EndProject
Project("{FAE04EC0-301F-11D3-BF4B-00C04F79EFBC}") = "Dp9ik.Tls", "src\Dp9ik.Tls\Dp9ik.Tls.csproj", "{2D65133E-1ED4-41B5-9CDC-3195F297B442}"
EndProject
Global
	GlobalSection(SolutionConfigurationPlatforms) = preSolution
		Debug|Any CPU = Debug|Any CPU
		Debug|x64 = Debug|x64
		Debug|x86 = Debug|x86
		Release|Any CPU = Release|Any CPU
		Release|x64 = Release|x64
		Release|x86 = Release|x86
	EndGlobalSection
	GlobalSection(ProjectConfigurationPlatforms) = postSolution
		{6359C9A6-5AFE-4B11-93D7-445A18FCBE18}.Debug|Any CPU.ActiveCfg = Debug|Any CPU
		{6359C9A6-5AFE-4B11-93D7-445A18FCBE18}.Debug|Any CPU.Build.0 = Debug|Any CPU
		{6359C9A6-5AFE-4B11-93D7-445A18FCBE18}.Debug|x64.ActiveCfg = Debug|Any CPU
		{6359C9A6-5AFE-4B11-93D7-445A18FCBE18}.Debug|x64.Build.0 = Debug|Any CPU
		{6359C9A6-5AFE-4B11-93D7-445A18FCBE18}.Debug|x86.ActiveCfg = Debug|Any CPU
		{6359C9A6-5AFE-4B11-93D7-445A18FCBE18}.Debug|x86.Build.0 = Debug|Any CPU
		{6359C9A6-5AFE-4B11-93D7-445A18FCBE18}.Release|Any CPU.ActiveCfg = Release|Any CPU
		{6359C9A6-5AFE-4B11-93D7-445A18FCBE18}.Release|Any CPU.Build.0 = Release|Any CPU
		{6359C9A6-5AFE-4B11-93D7-445A18FCBE18}.Release|x64.ActiveCfg = Release|Any CPU
		{6359C9A6-5AFE-4B11-93D7-445A18FCBE18}.Release|x64.Build.0 = Release|Any CPU
		{6359C9A6-5AFE-4B11-93D7-445A18FCBE18}.Release|x86.ActiveCfg = Release|Any CPU
		{6359C9A6-5AFE-4B11-93D7-445A18FCBE18}.Release|x86.Build.0 = Release|Any CPU
		{770D07B7-019C-47A1-8C50-E8419085D53A}.Debug|Any CPU.ActiveCfg = Debug|Any CPU
		{770D07B7-019C-47A1-8C50-E8419085D53A}.Debug|Any CPU.Build.0 = Debug|Any CPU
		{770D07B7-019C-47A1-8C50-E8419085D53A}.Debug|x64.ActiveCfg = Debug|Any CPU
		{770D07B7-019C-47A1-8C50-E8419085D53A}.Debug|x64.Build.0 = Debug|Any CPU
		{770D07B7-019C-47A1-8C50-E8419085D53A}.Debug|x86.ActiveCfg = Debug|Any CPU
		{770D07B7-019C-47A1-8C50-E8419085D53A}.Debug|x86.Build.0 = Debug|Any CPU
		{770D07B7-019C-47A1-8C50-E8419085D53A}.Release|Any CPU.ActiveCfg = Release|Any CPU
		{770D07B7-019C-47A1-8C50-E8419085D53A}.Release|Any CPU.Build.0 = Release|Any CPU
		{770D07B7-019C-47A1-8C50-E8419085D53A}.Release|x64.ActiveCfg = Release|Any CPU
		{770D07B7-019C-47A1-8C50-E8419085D53A}.Release|x64.Build.0 = Release|Any CPU
		{770D07B7-019C-47A1-8C50-E8419085D53A}.Release|x86.ActiveCfg = Release|Any CPU
		{770D07B7-019C-47A1-8C50-E8419085D53A}.Release|x86.Build.0 = Release|Any CPU
		{A9D3D0D0-9969-4287-93B3-4ED2A2FFCA2A}.Debug|Any CPU.ActiveCfg = Debug|Any CPU
		{A9D3D0D0-9969-4287-93B3-4ED2A2FFCA2A}.Debug|Any CPU.Build.0 = Debug|Any CPU
		{A9D3D0D0-9969-4287-93B3-4ED2A2FFCA2A}.Debug|x64.ActiveCfg = Debug|Any CPU
		{A9D3D0D0-9969-4287-93B3-4ED2A2FFCA2A}.Debug|x64.Build.0 = Debug|Any CPU
		{A9D3D0D0-9969-4287-93B3-4ED2A2FFCA2A}.Debug|x86.ActiveCfg = Debug|Any CPU
		{A9D3D0D0-9969-4287-93B3-4ED2A2FFCA2A}.Debug|x86.Build.0 = Debug|Any CPU
		{A9D3D0D0-9969-4287-93B3-4ED2A2FFCA2A}.Release|Any CPU.ActiveCfg = Release|Any CPU
		{A9D3D0D0-9969-4287-93B3-4ED2A2FFCA2A}.Release|Any CPU.Build.0 = Release|Any CPU
		{A9D3D0D0-9969-4287-93B3-4ED2A2FFCA2A}.Release|x64.ActiveCfg = Release|Any CPU
		{A9D3D0D0-9969-4287-93B3-4ED2A2FFCA2A}.Release|x64.Build.0 = Release|Any CPU
		{A9D3D0D0-9969-4287-93B3-4ED2A2FFCA2A}.Release|x86.ActiveCfg = Release|Any CPU
		{A9D3D0D0-9969-4287-93B3-4ED2A2FFCA2A}.Release|x86.Build.0 = Release|Any CPU
		{2D65133E-1ED4-41B5-9CDC-3195F297B442}.Debug|Any CPU.ActiveCfg = Debug|Any CPU
		{2D65133E-1ED4-41B5-9CDC-3195F297B442}.Debug|Any CPU.Build.0 = Debug|Any CPU
		{2D65133E-1ED4-41B5-9CDC-3195F297B442}.Debug|x64.ActiveCfg = Debug|Any CPU
		{2D65133E-1ED4-41B5-9CDC-3195F297B442}.Debug|x64.Build.0 = Debug|Any CPU
		{2D65133E-1ED4-41B5-9CDC-3195F297B442}.Debug|x86.ActiveCfg = Debug|Any CPU
		{2D65133E-1ED4-41B5-9CDC-3195F297B442}.Debug|x86.Build.0 = Debug|Any CPU
		{2D65133E-1ED4-41B5-9CDC-3195F297B442}.Release|Any CPU.ActiveCfg = Release|Any CPU
		{2D65133E-1ED4-41B5-9CDC-3195F297B442}.Release|Any CPU.Build.0 = Release|Any CPU
		{2D65133E-1ED4-41B5-9CDC-3195F297B442}.Release|x64.ActiveCfg = Release|Any CPU
		{2D65133E-1ED4-41B5-9CDC-3195F297B442}.Release|x64.Build.0 = Release|Any CPU
		{2D65133E-1ED4-41B5-9CDC-3195F297B442}.Release|x86.ActiveCfg = Release|Any CPU
		{2D65133E-1ED4-41B5-9CDC-3195F297B442}.Release|x86.Build.0 = Release|Any CPU
	EndGlobalSection
	GlobalSection(SolutionProperties) = preSolution
		HideSolutionNode = FALSE
	EndGlobalSection
	GlobalSection(NestedProjects) = preSolution
		{2D65133E-1ED4-41B5-9CDC-3195F297B442} = {827E0CD3-B72D-47B6-A68D-7590B98EB39B}
	EndGlobalSection
EndGlobal
